{
  "version": 4,
  "terraform_version": "1.11.0",
  "serial": 3,
  "lineage": "dc57e118-b207-3b85-5a33-3d7dd8ac1165",
  "outputs": {
    "backup_bucket_name": {
      "value": "mysql-backup-bucket",
      "type": "string"
    },
    "mysql_instance_connection_name": {
      "value": "sp-terra-project:us-central1:mysql-instance",
      "type": "string"
    }
  },
  "resources": [
    {
      "mode": "managed",
      "type": "google_sql_database_instance",
      "name": "mysql_instance",
      "provider": "provider[\"registry.terraform.io/hashicorp/google\"]",
      "instances": [
        {
          "schema_version": 0,
          "attributes": {
            "available_maintenance_versions": [],
            "clone": [],
            "connection_name": "sp-terra-project:us-central1:mysql-instance",
            "database_version": "MYSQL_8_0",
            "deletion_protection": false,
            "dns_name": "",
            "encryption_key_name": null,
            "first_ip_address": "34.170.87.233",
            "id": "mysql-instance",
            "instance_type": "CLOUD_SQL_INSTANCE",
            "ip_address": [
              {
                "ip_address": "34.170.87.233",
                "time_to_retire": "",
                "type": "PRIMARY"
              }
            ],
            "maintenance_version": "MYSQL_8_0_37.R20241208.01_04",
            "master_instance_name": "",
            "name": "mysql-instance",
            "private_ip_address": "",
            "project": "sp-terra-project",
            "psc_service_attachment_link": "",
            "public_ip_address": "34.170.87.233",
            "region": "us-central1",
            "replica_configuration": [],
            "replica_names": [],
            "replication_cluster": [
              {
                "dr_replica": false,
                "failover_dr_replica_name": ""
              }
            ],
            "restore_backup_context": [],
            "root_password": null,
            "self_link": "https://sqladmin.googleapis.com/sql/v1beta4/projects/sp-terra-project/instances/mysql-instance",
            "server_ca_cert": [
              {
                "cert": "-----BEGIN CERTIFICATE-----\nMIIDfzCCAmegAwIBAgIBADANBgkqhkiG9w0BAQsFADB3MS0wKwYDVQQuEyQ3MjI1\nNTdkZi1kNTg5LTRmYzAtYmJhZS0wYjE4YWNhM2U1OTIxIzAhBgNVBAMTGkdvb2ds\nZSBDbG91ZCBTUUwgU2VydmVyIENBMRQwEgYDVQQKEwtHb29nbGUsIEluYzELMAkG\nA1UEBhMCVVMwHhcNMjUwMzExMDk1NTI5WhcNMzUwMzA5MDk1NjI5WjB3MS0wKwYD\nVQQuEyQ3MjI1NTdkZi1kNTg5LTRmYzAtYmJhZS0wYjE4YWNhM2U1OTIxIzAhBgNV\nBAMTGkdvb2dsZSBDbG91ZCBTUUwgU2VydmVyIENBMRQwEgYDVQQKEwtHb29nbGUs\nIEluYzELMAkGA1UEBhMCVVMwggEiMA0GCSqGSIb3DQEBAQUAA4IBDwAwggEKAoIB\nAQCzsjZBBkod3FSeOa38QEj6Yjia/KWe1mpki4Tsvs7ERXU+ujam1CPwoyfTU1eI\nGTkEVW2mrEeBqml8NmeY6jaW5fa1FwyZuTiLPCifebCQMFX/E+3i383mhSaZS3S5\n2Z7DvfM3FVeC5YP48X2iSVNzBP/sEpUAxbe+a7on1uDkiX+Z7cn9Cqjuju5I3k4w\noisu4MtTwbLrwrXKcDOlZnOIHv/I7gRTPZKRrc12XHqvTr6aHTW/B5S8M/iBIyPv\nou6jjvHIRJ8dLOBnYyl8IJW24qvXi5z3na/8eKIbld5Twr9oxS2Q//Hdlpwiolbc\nWd76F1uR3qHTne1AeS7ifWJJAgMBAAGjFjAUMBIGA1UdEwEB/wQIMAYBAf8CAQAw\nDQYJKoZIhvcNAQELBQADggEBAFYCEOzRLFzf3ATgvtvOxLCJ3K1ucf36t6RAr38P\npUqcKpofbIrQIyqSvkauAvb3TFwLHifKLQegZduEN6wH2/Bph0EKMW4sXN645R0d\nIjlDHT2nLgydE6TV7Q8zLxWfalgnLNzuiebsdl4qdYghge2QkATQlBmpXuAZdgOP\n1tFwo9X1Ka7Yc2YEZ1iGEW0QIwrA3r8VD558BvzeOfEM8PdtvJcrcRodr2c72TCM\na/S7Qo1m99RGMy6O2RBvbc+PE9JHAChyHfTwDRN8wifLxlpD9MifG4kt7qZT035t\nmLd6Bbdzkh4D/Ta89zShFTmscs6fUol8K759qxyr0+/CMH8=\n-----END CERTIFICATE-----",
                "common_name": "C=US,O=Google\\, Inc,CN=Google Cloud SQL Server CA,dnQualifier=722557df-d589-4fc0-bbae-0b18aca3e592",
                "create_time": "2025-03-11T09:55:29.265Z",
                "expiration_time": "2035-03-09T09:56:29.265Z",
                "sha1_fingerprint": "dac0ff8f8d4a80406bbb69f2969ade2524ae6db6"
              }
            ],
            "service_account_email_address": "p793366319030-eez2lk@gcp-sa-cloud-sql.iam.gserviceaccount.com",
            "settings": [
              {
                "activation_policy": "ALWAYS",
                "active_directory_config": [],
                "advanced_machine_features": [],
                "availability_type": "REGIONAL",
                "backup_configuration": [
                  {
                    "backup_retention_settings": [
                      {
                        "retained_backups": 7,
                        "retention_unit": "COUNT"
                      }
                    ],
                    "binary_log_enabled": true,
                    "enabled": true,
                    "location": "us",
                    "point_in_time_recovery_enabled": false,
                    "start_time": "23:00",
                    "transaction_log_retention_days": 7
                  }
                ],
                "collation": "",
                "connector_enforcement": "NOT_REQUIRED",
                "data_cache_config": [
                  {
                    "data_cache_enabled": false
                  }
                ],
                "database_flags": [],
                "deletion_protection_enabled": false,
                "deny_maintenance_period": [],
                "disk_autoresize": true,
                "disk_autoresize_limit": 0,
                "disk_size": 10,
                "disk_type": "PD_SSD",
                "edition": "ENTERPRISE",
                "enable_dataplex_integration": false,
                "enable_google_ml_integration": false,
                "insights_config": [],
                "ip_configuration": [
                  {
                    "allocated_ip_range": "",
                    "authorized_networks": [],
                    "enable_private_path_for_google_cloud_services": false,
                    "ipv4_enabled": true,
                    "private_network": "",
                    "psc_config": [],
                    "server_ca_mode": "GOOGLE_MANAGED_INTERNAL_CA",
                    "server_ca_pool": "",
                    "ssl_mode": "ALLOW_UNENCRYPTED_AND_ENCRYPTED"
                  }
                ],
                "location_preference": [
                  {
                    "follow_gae_application": "",
                    "secondary_zone": "",
                    "zone": "us-central1-c"
                  }
                ],
                "maintenance_window": [],
                "password_validation_policy": [],
                "pricing_plan": "PER_USE",
                "sql_server_audit_config": [],
                "tier": "db-n1-standard-1",
                "time_zone": "",
                "user_labels": {},
                "version": 4
              }
            ],
            "timeouts": null
          },
          "sensitive_attributes": [
            [
              {
                "type": "get_attr",
                "value": "root_password"
              }
            ],
            [
              {
                "type": "get_attr",
                "value": "server_ca_cert"
              }
            ]
          ],
          "private": "eyJlMmJmYjczMC1lY2FhLTExZTYtOGY4OC0zNDM2M2JjN2M0YzAiOnsiY3JlYXRlIjo1NDAwMDAwMDAwMDAwLCJkZWxldGUiOjU0MDAwMDAwMDAwMDAsInVwZGF0ZSI6NTQwMDAwMDAwMDAwMH19"
        }
      ]
    }
  ],
  "check_results": null
}
