{
  "version": 4,
  "terraform_version": "1.11.0",
  "serial": 40,
  "lineage": "b586ae3e-2210-794e-05f3-601ab7165a7c",
  "outputs": {},
  "resources": [
    {
      "mode": "managed",
      "type": "aws_vpc",
      "name": "sp-vpc",
      "provider": "provider[\"registry.terraform.io/hashicorp/aws\"]",
      "instances": [
        {
          "schema_version": 1,
          "attributes": {
            "arn": "arn:aws:ec2:ap-south-2:211125549708:vpc/vpc-0e3f03dc65832f833",
            "assign_generated_ipv6_cidr_block": false,
            "cidr_block": "10.0.0.0/16",
            "default_network_acl_id": "acl-0774b09479efd1cc9",
            "default_route_table_id": "rtb-0508d00f8549c6c14",
            "default_security_group_id": "sg-01e6bf81a7aea9e68",
            "dhcp_options_id": "dopt-002bdaf31eba5b44e",
            "enable_dns_hostnames": true,
            "enable_dns_support": true,
            "enable_network_address_usage_metrics": false,
            "id": "vpc-0e3f03dc65832f833",
            "instance_tenancy": "default",
            "ipv4_ipam_pool_id": null,
            "ipv4_netmask_length": null,
            "ipv6_association_id": "",
            "ipv6_cidr_block": "",
            "ipv6_cidr_block_network_border_group": "",
            "ipv6_ipam_pool_id": "",
            "ipv6_netmask_length": 0,
            "main_route_table_id": "rtb-0508d00f8549c6c14",
            "owner_id": "211125549708",
            "tags": {
              "Name": "sp-vpc"
            },
            "tags_all": {
              "Name": "sp-vpc"
            }
          },
          "sensitive_attributes": [],
          "private": "eyJzY2hlbWFfdmVyc2lvbiI6IjEifQ=="
        }
      ]
    }
  ],
  "check_results": null
}
