{
  "version": 4,
  "terraform_version": "1.11.0",
  "serial": 68,
  "lineage": "05642767-240e-e8dc-e39f-4373018f8759",
  "outputs": {},
  "resources": [
    {
      "mode": "data",
      "type": "google_compute_router",
      "name": "existing_nat_router",
      "provider": "provider[\"registry.terraform.io/hashicorp/google\"]",
      "instances": [
        {
          "schema_version": 0,
          "attributes": {
            "bgp": [],
            "creation_timestamp": "2025-03-09T22:19:52.809-07:00",
            "description": "",
            "encrypted_interconnect_router": false,
            "id": "nat-router",
            "name": "nat-router",
            "network": "https://www.googleapis.com/compute/v1/projects/sp-terra-project/global/networks/my-vpc",
            "project": "sp-terra-project",
            "region": "us-central1",
            "self_link": "https://www.googleapis.com/compute/v1/projects/sp-terra-project/regions/us-central1/routers/nat-router"
          },
          "sensitive_attributes": []
        }
      ]
    },
    {
      "mode": "managed",
      "type": "google_logging_metric",
      "name": "http_requests",
      "provider": "provider[\"registry.terraform.io/hashicorp/google\"]",
      "instances": [
        {
          "schema_version": 0,
          "attributes": {
            "bucket_name": "",
            "bucket_options": [],
            "description": "",
            "disabled": false,
            "filter": "resource.type=\"gce_instance\" AND jsonPayload.method=\"GET\"",
            "id": "http_requests_count",
            "label_extractors": {},
            "metric_descriptor": [
              {
                "display_name": "",
                "labels": [],
                "metric_kind": "DELTA",
                "unit": "1",
                "value_type": "INT64"
              }
            ],
            "name": "http_requests_count",
            "project": "sp-terra-project",
            "timeouts": null,
            "value_extractor": ""
          },
          "sensitive_attributes": [],
          "private": "eyJlMmJmYjczMC1lY2FhLTExZTYtOGY4OC0zNDM2M2JjN2M0YzAiOnsiY3JlYXRlIjoxMjAwMDAwMDAwMDAwLCJkZWxldGUiOjEyMDAwMDAwMDAwMDAsInVwZGF0ZSI6MTIwMDAwMDAwMDAwMH19"
        }
      ]
    },
    {
      "mode": "managed",
      "type": "google_monitoring_notification_channel",
      "name": "pubsub_channel",
      "provider": "provider[\"registry.terraform.io/hashicorp/google\"]",
      "instances": [
        {
          "schema_version": 0,
          "attributes": {
            "description": "",
            "display_name": "HTTP Requests Alert",
            "enabled": true,
            "force_delete": false,
            "id": "projects/sp-terra-project/notificationChannels/12111187921971659885",
            "labels": {
              "topic": "projects/sp-terra-project/topics/http-requests-alert-topic"
            },
            "name": "projects/sp-terra-project/notificationChannels/12111187921971659885",
            "project": "sp-terra-project",
            "sensitive_labels": [],
            "timeouts": null,
            "type": "pubsub",
            "user_labels": {},
            "verification_status": ""
          },
          "sensitive_attributes": [],
          "private": "eyJlMmJmYjczMC1lY2FhLTExZTYtOGY4OC0zNDM2M2JjN2M0YzAiOnsiY3JlYXRlIjoxMjAwMDAwMDAwMDAwLCJkZWxldGUiOjEyMDAwMDAwMDAwMDAsInVwZGF0ZSI6MTIwMDAwMDAwMDAwMH19",
          "dependencies": [
            "google_pubsub_topic.alert_topic"
          ]
        }
      ]
    },
    {
      "mode": "managed",
      "type": "google_pubsub_topic",
      "name": "alert_topic",
      "provider": "provider[\"registry.terraform.io/hashicorp/google\"]",
      "instances": [
        {
          "schema_version": 0,
          "attributes": {
            "effective_labels": {
              "goog-terraform-provisioned": "true"
            },
            "id": "projects/sp-terra-project/topics/http-requests-alert-topic",
            "ingestion_data_source_settings": [],
            "kms_key_name": "",
            "labels": {},
            "message_retention_duration": "",
            "message_storage_policy": [],
            "name": "http-requests-alert-topic",
            "project": "sp-terra-project",
            "schema_settings": [],
            "terraform_labels": {
              "goog-terraform-provisioned": "true"
            },
            "timeouts": null
          },
          "sensitive_attributes": [],
          "private": "eyJlMmJmYjczMC1lY2FhLTExZTYtOGY4OC0zNDM2M2JjN2M0YzAiOnsiY3JlYXRlIjoxMjAwMDAwMDAwMDAwLCJkZWxldGUiOjEyMDAwMDAwMDAwMDAsInVwZGF0ZSI6MTIwMDAwMDAwMDAwMH19"
        }
      ]
    },
    {
      "mode": "managed",
      "type": "google_service_account",
      "name": "compute_sa",
      "provider": "provider[\"registry.terraform.io/hashicorp/google\"]",
      "instances": [
        {
          "schema_version": 0,
          "attributes": {
            "account_id": "compute-instance-sa",
            "create_ignore_already_exists": null,
            "description": "",
            "disabled": false,
            "display_name": "Compute Instance Service Account",
            "email": "compute-instance-sa@sp-terra-project.iam.gserviceaccount.com",
            "id": "projects/sp-terra-project/serviceAccounts/compute-instance-sa@sp-terra-project.iam.gserviceaccount.com",
            "member": "serviceAccount:compute-instance-sa@sp-terra-project.iam.gserviceaccount.com",
            "name": "projects/sp-terra-project/serviceAccounts/compute-instance-sa@sp-terra-project.iam.gserviceaccount.com",
            "project": "sp-terra-project",
            "timeouts": null,
            "unique_id": "108037037002141729509"
          },
          "sensitive_attributes": [],
          "private": "eyJlMmJmYjczMC1lY2FhLTExZTYtOGY4OC0zNDM2M2JjN2M0YzAiOnsiY3JlYXRlIjozMDAwMDAwMDAwMDB9fQ=="
        }
      ]
    },
    {
      "mode": "managed",
      "type": "google_storage_bucket",
      "name": "my_bucket",
      "provider": "provider[\"registry.terraform.io/hashicorp/google\"]",
      "instances": [
        {
          "schema_version": 3,
          "attributes": {
            "autoclass": [],
            "cors": [],
            "custom_placement_config": [],
            "default_event_based_hold": false,
            "effective_labels": {
              "goog-terraform-provisioned": "true"
            },
            "enable_object_retention": false,
            "encryption": [],
            "force_destroy": true,
            "hierarchical_namespace": [
              {
                "enabled": false
              }
            ],
            "id": "sp-buck-001",
            "labels": {},
            "lifecycle_rule": [
              {
                "action": [
                  {
                    "storage_class": "ARCHIVE",
                    "type": "SetStorageClass"
                  }
                ],
                "condition": [
                  {
                    "age": 60,
                    "created_before": "",
                    "custom_time_before": "",
                    "days_since_custom_time": 0,
                    "days_since_noncurrent_time": 0,
                    "matches_prefix": [],
                    "matches_storage_class": [
                      "STANDARD",
                      "NEARLINE",
                      "COLDLINE"
                    ],
                    "matches_suffix": [],
                    "noncurrent_time_before": "",
                    "num_newer_versions": 0,
                    "send_age_if_zero": false,
                    "send_days_since_custom_time_if_zero": false,
                    "send_days_since_noncurrent_time_if_zero": false,
                    "send_num_newer_versions_if_zero": false,
                    "with_state": "ANY"
                  }
                ]
              },
              {
                "action": [
                  {
                    "storage_class": "",
                    "type": "Delete"
                  }
                ],
                "condition": [
                  {
                    "age": 365,
                    "created_before": "",
                    "custom_time_before": "",
                    "days_since_custom_time": 0,
                    "days_since_noncurrent_time": 0,
                    "matches_prefix": [],
                    "matches_storage_class": [],
                    "matches_suffix": [],
                    "noncurrent_time_before": "",
                    "num_newer_versions": 0,
                    "send_age_if_zero": false,
                    "send_days_since_custom_time_if_zero": false,
                    "send_days_since_noncurrent_time_if_zero": false,
                    "send_num_newer_versions_if_zero": false,
                    "with_state": "ANY"
                  }
                ]
              }
            ],
            "location": "US",
            "logging": [],
            "name": "sp-buck-001",
            "project": "sp-terra-project",
            "project_number": 793366319030,
            "public_access_prevention": "inherited",
            "requester_pays": false,
            "retention_policy": [],
            "rpo": "DEFAULT",
            "self_link": "https://www.googleapis.com/storage/v1/b/sp-buck-001",
            "soft_delete_policy": [
              {
                "effective_time": "2025-03-10T12:26:21.743Z",
                "retention_duration_seconds": 604800
              }
            ],
            "storage_class": "STANDARD",
            "terraform_labels": {
              "goog-terraform-provisioned": "true"
            },
            "timeouts": null,
            "uniform_bucket_level_access": false,
            "url": "gs://sp-buck-001",
            "versioning": [
              {
                "enabled": true
              }
            ],
            "website": []
          },
          "sensitive_attributes": [],
          "private": "eyJlMmJmYjczMC1lY2FhLTExZTYtOGY4OC0zNDM2M2JjN2M0YzAiOnsiY3JlYXRlIjo2MDAwMDAwMDAwMDAsInJlYWQiOjI0MDAwMDAwMDAwMCwidXBkYXRlIjoyNDAwMDAwMDAwMDB9LCJzY2hlbWFfdmVyc2lvbiI6IjMifQ=="
        }
      ]
    },
    {
      "mode": "managed",
      "type": "null_resource",
      "name": "wait_for_metric",
      "provider": "provider[\"registry.terraform.io/hashicorp/null\"]",
      "instances": [
        {
          "status": "tainted",
          "schema_version": 0,
          "attributes": {
            "id": "2957728248126425735",
            "triggers": null
          },
          "sensitive_attributes": []
        }
      ]
    }
  ],
  "check_results": null
}
