{
  "version": 4,
  "terraform_version": "1.11.0",
  "serial": 76,
  "lineage": "85eafb9d-9375-db36-a808-254a16cce305",
  "outputs": {},
  "resources": [
    {
      "mode": "data",
      "type": "aws_iam_instance_profile",
      "name": "sm_batch_instance_profile",
      "provider": "provider[\"registry.terraform.io/hashicorp/aws\"]",
      "instances": [
        {
          "schema_version": 0,
          "attributes": {
            "arn": "arn:aws:iam::211125549708:instance-profile/sm-batch-instance-profile",
            "create_date": "2025-03-04 09:09:19 +0000 UTC",
            "id": "AIPATCKAQHKGHV2NXHJMG",
            "name": "sm-batch-instance-profile",
            "path": "/",
            "role_arn": null,
            "role_id": null,
            "role_name": null
          },
          "sensitive_attributes": []
        }
      ]
    },
    {
      "mode": "managed",
      "type": "aws_batch_compute_environment",
      "name": "sm_compute_env",
      "provider": "provider[\"registry.terraform.io/hashicorp/aws\"]",
      "instances": [
        {
          "schema_version": 0,
          "attributes": {
            "arn": "arn:aws:batch:us-east-1:211125549708:compute-environment/sm-compute-env",
            "compute_environment_name": "sm-compute-env",
            "compute_environment_name_prefix": "",
            "compute_resources": [
              {
                "allocation_strategy": "",
                "bid_percentage": 0,
                "desired_vcpus": 0,
                "ec2_configuration": [
                  {
                    "image_id_override": "",
                    "image_type": "ECS_AL2"
                  }
                ],
                "ec2_key_pair": "",
                "image_id": "",
                "instance_role": "arn:aws:iam::211125549708:instance-profile/sm-batch-instance-profile",
                "instance_type": [
                  "m5.large"
                ],
                "launch_template": [],
                "max_vcpus": 2,
                "min_vcpus": 0,
                "placement_group": "",
                "security_group_ids": [
                  "sg-0f083cec6db75a169"
                ],
                "spot_iam_fleet_role": "",
                "subnets": [
                  "subnet-0887519d1465087ce"
                ],
                "tags": {},
                "type": "EC2"
              }
            ],
            "ecs_cluster_arn": "arn:aws:ecs:us-east-1:211125549708:cluster/sm-compute-env_Batch_61556506-6a59-3d08-9302-28f4df28e2c6",
            "eks_configuration": [],
            "id": "sm-compute-env",
            "service_role": "arn:aws:iam::211125549708:role/sm-batch-service-role",
            "state": "ENABLED",
            "status": "INVALID",
            "status_reason": "CLIENT_ERROR - User: arn:aws:sts::211125549708:assumed-role/sm-batch-service-role/aws-batch is not authorized to perform: logs:DescribeLogGroups on resource: arn:aws:logs:us-east-1:211125549708:log-group::log-stream: because no identity-based policy allows the logs:DescribeLogGroups action",
            "tags": {},
            "tags_all": {},
            "type": "MANAGED",
            "update_policy": []
          },
          "sensitive_attributes": [],
          "private": "bnVsbA==",
          "dependencies": [
            "aws_iam_role.sm_batch_service_role",
            "aws_security_group.sm_batch_sg",
            "aws_subnet.sm_public_subnet",
            "aws_vpc.sm_vpc",
            "data.aws_iam_instance_profile.sm_batch_instance_profile"
          ]
        }
      ]
    },
    {
      "mode": "managed",
      "type": "aws_iam_role",
      "name": "sm_batch_service_role",
      "provider": "provider[\"registry.terraform.io/hashicorp/aws\"]",
      "instances": [
        {
          "schema_version": 0,
          "attributes": {
            "arn": "arn:aws:iam::211125549708:role/sm-batch-service-role",
            "assume_role_policy": "{\"Statement\":[{\"Action\":\"sts:AssumeRole\",\"Effect\":\"Allow\",\"Principal\":{\"Service\":\"batch.amazonaws.com\"}}],\"Version\":\"2012-10-17\"}",
            "create_date": "2025-03-04T09:29:33Z",
            "description": "",
            "force_detach_policies": false,
            "id": "sm-batch-service-role",
            "inline_policy": [
              {
                "name": "sm-batch-policy",
                "policy": "{\"Version\":\"2012-10-17\",\"Statement\":[{\"Action\":[\"ecs:ListClusters\",\"ecs:DescribeClusters\",\"ecs:DeleteCluster\",\"ecs:ListTasks\",\"ecs:DescribeTasks\",\"ecs:StopTask\"],\"Effect\":\"Allow\",\"Resource\":\"*\"}]}"
              }
            ],
            "managed_policy_arns": [],
            "max_session_duration": 3600,
            "name": "sm-batch-service-role",
            "name_prefix": "",
            "path": "/",
            "permissions_boundary": "",
            "tags": {},
            "tags_all": {},
            "unique_id": "AROATCKAQHKGK625FBTLO"
          },
          "sensitive_attributes": [],
          "private": "bnVsbA=="
        }
      ]
    },
    {
      "mode": "managed",
      "type": "aws_security_group",
      "name": "sm_batch_sg",
      "provider": "provider[\"registry.terraform.io/hashicorp/aws\"]",
      "instances": [
        {
          "schema_version": 1,
          "attributes": {
            "arn": "arn:aws:ec2:us-east-1:211125549708:security-group/sg-0f083cec6db75a169",
            "description": "Managed by Terraform",
            "egress": [
              {
                "cidr_blocks": [
                  "0.0.0.0/0"
                ],
                "description": "",
                "from_port": 0,
                "ipv6_cidr_blocks": [],
                "prefix_list_ids": [],
                "protocol": "-1",
                "security_groups": [],
                "self": false,
                "to_port": 0
              }
            ],
            "id": "sg-0f083cec6db75a169",
            "ingress": [
              {
                "cidr_blocks": [
                  "0.0.0.0/0"
                ],
                "description": "",
                "from_port": 0,
                "ipv6_cidr_blocks": [],
                "prefix_list_ids": [],
                "protocol": "tcp",
                "security_groups": [],
                "self": false,
                "to_port": 65535
              }
            ],
            "name": "sm-batch-sg",
            "name_prefix": "",
            "owner_id": "211125549708",
            "revoke_rules_on_delete": false,
            "tags": {},
            "tags_all": {},
            "timeouts": null,
            "vpc_id": "vpc-027c766634bae9010"
          },
          "sensitive_attributes": [],
          "private": "eyJlMmJmYjczMC1lY2FhLTExZTYtOGY4OC0zNDM2M2JjN2M0YzAiOnsiY3JlYXRlIjo2MDAwMDAwMDAwMDAsImRlbGV0ZSI6OTAwMDAwMDAwMDAwfSwic2NoZW1hX3ZlcnNpb24iOiIxIn0=",
          "dependencies": [
            "aws_vpc.sm_vpc"
          ]
        }
      ]
    },
    {
      "mode": "managed",
      "type": "aws_subnet",
      "name": "sm_public_subnet",
      "provider": "provider[\"registry.terraform.io/hashicorp/aws\"]",
      "instances": [
        {
          "schema_version": 1,
          "attributes": {
            "arn": "arn:aws:ec2:us-east-1:211125549708:subnet/subnet-0887519d1465087ce",
            "assign_ipv6_address_on_creation": false,
            "availability_zone": "us-east-1a",
            "availability_zone_id": "use1-az1",
            "cidr_block": "10.0.1.0/24",
            "customer_owned_ipv4_pool": "",
            "enable_dns64": false,
            "enable_lni_at_device_index": 0,
            "enable_resource_name_dns_a_record_on_launch": false,
            "enable_resource_name_dns_aaaa_record_on_launch": false,
            "id": "subnet-0887519d1465087ce",
            "ipv6_cidr_block": "",
            "ipv6_cidr_block_association_id": "",
            "ipv6_native": false,
            "map_customer_owned_ip_on_launch": false,
            "map_public_ip_on_launch": true,
            "outpost_arn": "",
            "owner_id": "211125549708",
            "private_dns_hostname_type_on_launch": "ip-name",
            "tags": {
              "Name": "sm-public-subnet"
            },
            "tags_all": {
              "Name": "sm-public-subnet"
            },
            "timeouts": null,
            "vpc_id": "vpc-027c766634bae9010"
          },
          "sensitive_attributes": [],
          "private": "eyJlMmJmYjczMC1lY2FhLTExZTYtOGY4OC0zNDM2M2JjN2M0YzAiOnsiY3JlYXRlIjo2MDAwMDAwMDAwMDAsImRlbGV0ZSI6MTIwMDAwMDAwMDAwMH0sInNjaGVtYV92ZXJzaW9uIjoiMSJ9",
          "dependencies": [
            "aws_vpc.sm_vpc"
          ]
        }
      ]
    },
    {
      "mode": "managed",
      "type": "aws_vpc",
      "name": "sm_vpc",
      "provider": "provider[\"registry.terraform.io/hashicorp/aws\"]",
      "instances": [
        {
          "schema_version": 1,
          "attributes": {
            "arn": "arn:aws:ec2:us-east-1:211125549708:vpc/vpc-027c766634bae9010",
            "assign_generated_ipv6_cidr_block": false,
            "cidr_block": "10.0.0.0/16",
            "default_network_acl_id": "acl-0bb8f719877006322",
            "default_route_table_id": "rtb-0e64e90d2aa2bb81b",
            "default_security_group_id": "sg-07b4359d6aa4467f0",
            "dhcp_options_id": "dopt-004cf2a7fed24a849",
            "enable_dns_hostnames": true,
            "enable_dns_support": true,
            "enable_network_address_usage_metrics": false,
            "id": "vpc-027c766634bae9010",
            "instance_tenancy": "default",
            "ipv4_ipam_pool_id": null,
            "ipv4_netmask_length": null,
            "ipv6_association_id": "",
            "ipv6_cidr_block": "",
            "ipv6_cidr_block_network_border_group": "",
            "ipv6_ipam_pool_id": "",
            "ipv6_netmask_length": 0,
            "main_route_table_id": "rtb-0e64e90d2aa2bb81b",
            "owner_id": "211125549708",
            "tags": {
              "Name": "sm-vpc"
            },
            "tags_all": {
              "Name": "sm-vpc"
            }
          },
          "sensitive_attributes": [],
          "private": "eyJzY2hlbWFfdmVyc2lvbiI6IjEifQ=="
        }
      ]
    }
  ],
  "check_results": null
}
